<Solution>
  <Folder Name="/src/" />
  <Folder Name="/src/apps/">
    <Project Path="src/apps/FlowtrackApi/FlowTrackApi.csproj" />
    <Project Path="src/apps/FlowTrackIamApi/FlowTrackIamApi.csproj" />
  </Folder>
  <Folder Name="/src/contexts/">
    <Project Path="src/contexts/Shared/FlowTrack.Shared.csproj" />
    <Project Path="src/contexts/WorkManagement/FlowTrack.WorkManagement.csproj" />
  </Folder>
  <Folder Name="/src/contexts/Iam/">
    <Project Path="src/contexts/Iam/FlowTrack.Iam.csproj" />
  </Folder>
  <Folder Name="/test/" />
  <Folder Name="/test/apps/">
    <Project Path="test/apps/FlowtrackApi/FlowTrackApiTest.csproj" />
  </Folder>
  <Folder Name="/test/contexts/">
    <Project Path="test/contexts/Iam/FlowTrack.Iam.Test.csproj" />
    <Project Path="test/contexts/Shared/FlowTrack.Shared.Test.csproj" />
    <Project Path="test/contexts/WorkManagement/FlowTrack.WorkManagement.Test.csproj" />
  </Folder>
</Solution>
